// !$*UTF8*$!
{
	archiveVersion = 1;
	classes = {
	};
	objectVersion = 46;
	objects = {

/* Begin PBXBuildFile section */
		520094261FEC073B00B07DEA /* song.mp3 in Resources */ = {isa = PBXBuildFile; fileRef = 520094251FEC073B00B07DEA /* song.mp3 */; };
		520094281FEC3B6400B07DEA /* PokemonDetailVC.swift in Sources */ = {isa = PBXBuildFile; fileRef = 520094271FEC3B6400B07DEA /* PokemonDetailVC.swift */; };
		528F8A3C1FEBCB720045BAAA /* AppDelegate.swift in Sources */ = {isa = PBXBuildFile; fileRef = 528F8A3B1FEBCB720045BAAA /* AppDelegate.swift */; };
		528F8A3E1FEBCB720045BAAA /* MainVC.swift in Sources */ = {isa = PBXBuildFile; fileRef = 528F8A3D1FEBCB720045BAAA /* MainVC.swift */; };
		528F8A411FEBCB720045BAAA /* Main.storyboard in Resources */ = {isa = PBXBuildFile; fileRef = 528F8A3F1FEBCB720045BAAA /* Main.storyboard */; };
		528F8A431FEBCB720045BAAA /* Assets.xcassets in Resources */ = {isa = PBXBuildFile; fileRef = 528F8A421FEBCB720045BAAA /* Assets.xcassets */; };
		528F8A461FEBCB720045BAAA /* LaunchScreen.storyboard in Resources */ = {isa = PBXBuildFile; fileRef = 528F8A441FEBCB720045BAAA /* LaunchScreen.storyboard */; };
		528F8A521FEBD7120045BAAA /* Pokemon.ttf in Resources */ = {isa = PBXBuildFile; fileRef = 528F8A511FEBD7120045BAAA /* Pokemon.ttf */; };
		528F8A551FEBD9770045BAAA /* PokemonCell.swift in Sources */ = {isa = PBXBuildFile; fileRef = 528F8A541FEBD9770045BAAA /* PokemonCell.swift */; };
		528F8A571FEBE0B30045BAAA /* pokemon.csv in Resources */ = {isa = PBXBuildFile; fileRef = 528F8A561FEBE0B30045BAAA /* pokemon.csv */; };
		528F8A591FEBE0EC0045BAAA /* Pokemon.swift in Sources */ = {isa = PBXBuildFile; fileRef = 528F8A581FEBE0EC0045BAAA /* Pokemon.swift */; };
		528F8A5B1FEBE3410045BAAA /* csv.swift in Sources */ = {isa = PBXBuildFile; fileRef = 528F8A5A1FEBE3410045BAAA /* csv.swift */; };
/* End PBXBuildFile section */

/* Begin PBXFileReference section */
		520094251FEC073B00B07DEA /* song.mp3 */ = {isa = PBXFileReference; lastKnownFileType = audio.mp3; path = song.mp3; sourceTree = "<group>"; };
		520094271FEC3B6400B07DEA /* PokemonDetailVC.swift */ = {isa = PBXFileReference; fileEncoding = 4; lastKnownFileType = sourcecode.swift; path = PokemonDetailVC.swift; sourceTree = "<group>"; };
		528F8A381FEBCB720045BAAA /* Poke.app */ = {isa = PBXFileReference; explicitFileType = wrapper.application; includeInIndex = 0; path = Poke.app; sourceTree = BUILT_PRODUCTS_DIR; };
		528F8A3B1FEBCB720045BAAA /* AppDelegate.swift */ = {isa = PBXFileReference; lastKnownFileType = sourcecode.swift; path = AppDelegate.swift; sourceTree = "<group>"; };
		528F8A3D1FEBCB720045BAAA /* MainVC.swift */ = {isa = PBXFileReference; lastKnownFileType = sourcecode.swift; path = MainVC.swift; sourceTree = "<group>"; };
		528F8A401FEBCB720045BAAA /* Base */ = {isa = PBXFileReference; lastKnownFileType = file.storyboard; name = Base; path = Base.lproj/Main.storyboard; sourceTree = "<group>"; };
		528F8A421FEBCB720045BAAA /* Assets.xcassets */ = {isa = PBXFileReference; lastKnownFileType = folder.assetcatalog; path = Assets.xcassets; sourceTree = "<group>"; };
		528F8A451FEBCB720045BAAA /* Base */ = {isa = PBXFileReference; lastKnownFileType = file.storyboard; name = Base; path = Base.lproj/LaunchScreen.storyboard; sourceTree = "<group>"; };
		528F8A471FEBCB720045BAAA /* Info.plist */ = {isa = PBXFileReference; lastKnownFileType = text.plist.xml; path = Info.plist; sourceTree = "<group>"; };
		528F8A511FEBD7120045BAAA /* Pokemon.ttf */ = {isa = PBXFileReference; lastKnownFileType = file; path = Pokemon.ttf; sourceTree = "<group>"; };
		528F8A541FEBD9770045BAAA /* PokemonCell.swift */ = {isa = PBXFileReference; fileEncoding = 4; lastKnownFileType = sourcecode.swift; path = PokemonCell.swift; sourceTree = "<group>"; };
		528F8A561FEBE0B30045BAAA /* pokemon.csv */ = {isa = PBXFileReference; fileEncoding = 4; lastKnownFileType = text; path = pokemon.csv; sourceTree = "<group>"; };
		528F8A581FEBE0EC0045BAAA /* Pokemon.swift */ = {isa = PBXFileReference; fileEncoding = 4; lastKnownFileType = sourcecode.swift; path = Pokemon.swift; sourceTree = "<group>"; };
		528F8A5A1FEBE3410045BAAA /* csv.swift */ = {isa = PBXFileReference; fileEncoding = 4; lastKnownFileType = sourcecode.swift; path = csv.swift; sourceTree = "<group>"; };
/* End PBXFileReference section */

/* Begin PBXFrameworksBuildPhase section */
		528F8A351FEBCB720045BAAA /* Frameworks */ = {
			isa = PBXFrameworksBuildPhase;
			buildActionMask = 2147483647;
			files = (
			);
			runOnlyForDeploymentPostprocessing = 0;
		};
/* End PBXFrameworksBuildPhase section */

/* Begin PBXGroup section */
		528F8A2F1FEBCB720045BAAA = {
			isa = PBXGroup;
			children = (
				528F8A3A1FEBCB720045BAAA /* Poke */,
				528F8A391FEBCB720045BAAA /* Products */,
			);
			sourceTree = "<group>";
		};
		528F8A391FEBCB720045BAAA /* Products */ = {
			isa = PBXGroup;
			children = (
				528F8A381FEBCB720045BAAA /* Poke.app */,
			);
			name = Products;
			sourceTree = "<group>";
		};
		528F8A3A1FEBCB720045BAAA /* Poke */ = {
			isa = PBXGroup;
			children = (
				528F8A3F1FEBCB720045BAAA /* Main.storyboard */,
				528F8A4F1FEBCCCA0045BAAA /* Model */,
				528F8A501FEBCCD20045BAAA /* View */,
				528F8A4E1FEBCCBA0045BAAA /* Controllers */,
				528F8A4D1FEBCCA10045BAAA /* Supporting Files */,
				528F8A531FEBD71A0045BAAA /* Assets */,
			);
			path = Poke;
			sourceTree = "<group>";
		};
		528F8A4D1FEBCCA10045BAAA /* Supporting Files */ = {
			isa = PBXGroup;
			children = (
				528F8A5A1FEBE3410045BAAA /* csv.swift */,
				528F8A3B1FEBCB720045BAAA /* AppDelegate.swift */,
				528F8A421FEBCB720045BAAA /* Assets.xcassets */,
				528F8A441FEBCB720045BAAA /* LaunchScreen.storyboard */,
				528F8A471FEBCB720045BAAA /* Info.plist */,
			);
			name = "Supporting Files";
			sourceTree = "<group>";
		};
		528F8A4E1FEBCCBA0045BAAA /* Controllers */ = {
			isa = PBXGroup;
			children = (
				528F8A3D1FEBCB720045BAAA /* MainVC.swift */,
				520094271FEC3B6400B07DEA /* PokemonDetailVC.swift */,
			);
			name = Controllers;
			sourceTree = "<group>";
		};
		528F8A4F1FEBCCCA0045BAAA /* Model */ = {
			isa = PBXGroup;
			children = (
				528F8A581FEBE0EC0045BAAA /* Pokemon.swift */,
			);
			name = Model;
			sourceTree = "<group>";
		};
		528F8A501FEBCCD20045BAAA /* View */ = {
			isa = PBXGroup;
			children = (
				528F8A541FEBD9770045BAAA /* PokemonCell.swift */,
			);
			name = View;
			sourceTree = "<group>";
		};
		528F8A531FEBD71A0045BAAA /* Assets */ = {
			isa = PBXGroup;
			children = (
				520094251FEC073B00B07DEA /* song.mp3 */,
				528F8A561FEBE0B30045BAAA /* pokemon.csv */,
				528F8A511FEBD7120045BAAA /* Pokemon.ttf */,
			);
			name = Assets;
			sourceTree = "<group>";
		};
/* End PBXGroup section */

/* Begin PBXNativeTarget section */
		528F8A371FEBCB720045BAAA /* Poke */ = {
			isa = PBXNativeTarget;
			buildConfigurationList = 528F8A4A1FEBCB720045BAAA /* Build configuration list for PBXNativeTarget "Poke" */;
			buildPhases = (
				528F8A341FEBCB720045BAAA /* Sources */,
				528F8A351FEBCB720045BAAA /* Frameworks */,
				528F8A361FEBCB720045BAAA /* Resources */,
			);
			buildRules = (
			);
			dependencies = (
			);
			name = Poke;
			productName = Poke;
			productReference = 528F8A381FEBCB720045BAAA /* Poke.app */;
			productType = "com.apple.product-type.application";
		};
/* End PBXNativeTarget section */

/* Begin PBXProject section */
		528F8A301FEBCB720045BAAA /* Project object */ = {
			isa = PBXProject;
			attributes = {
				LastSwiftUpdateCheck = 0820;
				LastUpgradeCheck = 0820;
				ORGANIZATIONNAME = Milton;
				TargetAttributes = {
					528F8A371FEBCB720045BAAA = {
						CreatedOnToolsVersion = 8.2.1;
						DevelopmentTeam = AVDVUQYE5C;
						LastSwiftMigration = 0820;
						ProvisioningStyle = Automatic;
					};
				};
			};
			buildConfigurationList = 528F8A331FEBCB720045BAAA /* Build configuration list for PBXProject "Poke" */;
			compatibilityVersion = "Xcode 3.2";
			developmentRegion = English;
			hasScannedForEncodings = 0;
			knownRegions = (
				en,
				Base,
			);
			mainGroup = 528F8A2F1FEBCB720045BAAA;
			productRefGroup = 528F8A391FEBCB720045BAAA /* Products */;
			projectDirPath = "";
			projectRoot = "";
			targets = (
				528F8A371FEBCB720045BAAA /* Poke */,
			);
		};
/* End PBXProject section */

/* Begin PBXResourcesBuildPhase section */
		528F8A361FEBCB720045BAAA /* Resources */ = {
			isa = PBXResourcesBuildPhase;
			buildActionMask = 2147483647;
			files = (
				528F8A461FEBCB720045BAAA /* LaunchScreen.storyboard in Resources */,
				528F8A521FEBD7120045BAAA /* Pokemon.ttf in Resources */,
				528F8A431FEBCB720045BAAA /* Assets.xcassets in Resources */,
				528F8A411FEBCB720045BAAA /* Main.storyboard in Resources */,
				528F8A571FEBE0B30045BAAA /* pokemon.csv in Resources */,
				520094261FEC073B00B07DEA /* song.mp3 in Resources */,
			);
			runOnlyForDeploymentPostprocessing = 0;
		};
/* End PBXResourcesBuildPhase section */

/* Begin PBXSourcesBuildPhase section */
		528F8A341FEBCB720045BAAA /* Sources */ = {
			isa = PBXSourcesBuildPhase;
			buildActionMask = 2147483647;
			files = (
				528F8A3E1FEBCB720045BAAA /* MainVC.swift in Sources */,
				528F8A591FEBE0EC0045BAAA /* Pokemon.swift in Sources */,
				528F8A3C1FEBCB720045BAAA /* AppDelegate.swift in Sources */,
				520094281FEC3B6400B07DEA /* PokemonDetailVC.swift in Sources */,
				528F8A551FEBD9770045BAAA /* PokemonCell.swift in Sources */,
				528F8A5B1FEBE3410045BAAA /* csv.swift in Sources */,
			);
			runOnlyForDeploymentPostprocessing = 0;
		};
/* End PBXSourcesBuildPhase section */

/* Begin PBXVariantGroup section */
		528F8A3F1FEBCB720045BAAA /* Main.storyboard */ = {
			isa = PBXVariantGroup;
			children = (
				528F8A401FEBCB720045BAAA /* Base */,
			);
			name = Main.storyboard;
			sourceTree = "<group>";
		};
		528F8A441FEBCB720045BAAA /* LaunchScreen.storyboard */ = {
			isa = PBXVariantGroup;
			children = (
				528F8A451FEBCB720045BAAA /* Base */,
			);
			name = LaunchScreen.storyboard;
			sourceTree = "<group>";
		};
/* End PBXVariantGroup section */

/* Begin XCBuildConfiguration section */
		528F8A481FEBCB720045BAAA /* Debug */ = {
			isa = XCBuildConfiguration;
			buildSettings = {
				ALWAYS_SEARCH_USER_PATHS = NO;
				CLANG_ANALYZER_NONNULL = YES;
				CLANG_CXX_LANGUAGE_STANDARD = "gnu++0x";
				CLANG_CXX_LIBRARY = "libc++";
				CLANG_ENABLE_MODULES = YES;
				CLANG_ENABLE_OBJC_ARC = YES;
				CLANG_WARN_BOOL_CONVERSION = YES;
				CLANG_WARN_CONSTANT_CONVERSION = YES;
				CLANG_WARN_DIRECT_OBJC_ISA_USAGE = YES_ERROR;
				CLANG_WARN_DOCUMENTATION_COMMENTS = YES;
				CLANG_WARN_EMPTY_BODY = YES;
				CLANG_WARN_ENUM_CONVERSION = YES;
				CLANG_WARN_INFINITE_RECURSION = YES;
				CLANG_WARN_INT_CONVERSION = YES;
				CLANG_WARN_OBJC_ROOT_CLASS = YES_ERROR;
				CLANG_WARN_SUSPICIOUS_MOVE = YES;
				CLANG_WARN_UNREACHABLE_CODE = YES;
				CLANG_WARN__DUPLICATE_METHOD_MATCH = YES;
				"CODE_SIGN_IDENTITY[sdk=iphoneos*]" = "iPhone Developer";
				COPY_PHASE_STRIP = NO;
				DEBUG_INFORMATION_FORMAT = dwarf;
				ENABLE_STRICT_OBJC_MSGSEND = YES;
				ENABLE_TESTABILITY = YES;
				GCC_C_LANGUAGE_STANDARD = gnu99;
				GCC_DYNAMIC_NO_PIC = NO;
				GCC_NO_COMMON_BLOCKS = YES;
				GCC_OPTIMIZATION_LEVEL = 0;
				GCC_PREPROCESSOR_DEFINITIONS = (
					"DEBUG=1",
					"$(inherited)",
				);
				GCC_WARN_64_TO_32_BIT_CONVERSION = YES;
				GCC_WARN_ABOUT_RETURN_TYPE = YES_ERROR;
				GCC_WARN_UNDECLARED_SELECTOR = YES;
				GCC_WARN_UNINITIALIZED_AUTOS = YES_AGGRESSIVE;
				GCC_WARN_UNUSED_FUNCTION = YES;
				GCC_WARN_UNUSED_VARIABLE = YES;
				IPHONEOS_DEPLOYMENT_TARGET = 10.2;
				MTL_ENABLE_DEBUG_INFO = YES;
				ONLY_ACTIVE_ARCH = YES;
				SDKROOT = iphoneos;
				SWIFT_ACTIVE_COMPILATION_CONDITIONS = DEBUG;
				SWIFT_OPTIMIZATION_LEVEL = "-Onone";
			};
			name = Debug;
		};
		528F8A491FEBCB720045BAAA /* Release */ = {
			isa = XCBuildConfiguration;
			buildSettings = {
				ALWAYS_SEARCH_USER_PATHS = NO;
				CLANG_ANALYZER_NONNULL = YES;
				CLANG_CXX_LANGUAGE_STANDARD = "gnu++0x";
				CLANG_CXX_LIBRARY = "libc++";
				CLANG_ENABLE_MODULES = YES;
				CLANG_ENABLE_OBJC_ARC = YES;
				CLANG_WARN_BOOL_CONVERSION = YES;
				CLANG_WARN_CONSTANT_CONVERSION = YES;
				CLANG_WARN_DIRECT_OBJC_ISA_USAGE = YES_ERROR;
				CLANG_WARN_DOCUMENTATION_COMMENTS = YES;
				CLANG_WARN_EMPTY_BODY = YES;
				CLANG_WARN_ENUM_CONVERSION = YES;
				CLANG_WARN_INFINITE_RECURSION = YES;
				CLANG_WARN_INT_CONVERSION = YES;
				CLANG_WARN_OBJC_ROOT_CLASS = YES_ERROR;
				CLANG_WARN_SUSPICIOUS_MOVE = YES;
				CLANG_WARN_UNREACHABLE_CODE = YES;
				CLANG_WARN__DUPLICATE_METHOD_MATCH = YES;
				"CODE_SIGN_IDENTITY[sdk=iphoneos*]" = "iPhone Developer";
				COPY_PHASE_STRIP = NO;
				DEBUG_INFORMATION_FORMAT = "dwarf-with-dsym";
				ENABLE_NS_ASSERTIONS = NO;
				ENABLE_STRICT_OBJC_MSGSEND = YES;
				GCC_C_LANGUAGE_STANDARD = gnu99;
				GCC_NO_COMMON_BLOCKS = YES;
				GCC_WARN_64_TO_32_BIT_CONVERSION = YES;
				GCC_WARN_ABOUT_RETURN_TYPE = YES_ERROR;
				GCC_WARN_UNDECLARED_SELECTOR = YES;
				GCC_WARN_UNINITIALIZED_AUTOS = YES_AGGRESSIVE;
				GCC_WARN_UNUSED_FUNCTION = YES;
				GCC_WARN_UNUSED_VARIABLE = YES;
				IPHONEOS_DEPLOYMENT_TARGET = 10.2;
				MTL_ENABLE_DEBUG_INFO = NO;
				SDKROOT = iphoneos;
				SWIFT_OPTIMIZATION_LEVEL = "-Owholemodule";
				VALIDATE_PRODUCT = YES;
			};
			name = Release;
		};
		528F8A4B1FEBCB720045BAAA /* Debug */ = {
			isa = XCBuildConfiguration;
			buildSettings = {
				ASSETCATALOG_COMPILER_APPICON_NAME = AppIcon;
				DEVELOPMENT_TEAM = AVDVUQYE5C;
				INFOPLIST_FILE = Poke/Info.plist;
				LD_RUNPATH_SEARCH_PATHS = "$(inherited) @executable_path/Frameworks";
				PRODUCT_BUNDLE_IDENTIFIER = miltan.Poke;
				PRODUCT_NAME = "$(TARGET_NAME)";
				SWIFT_VERSION = 3.0;
			};
			name = Debug;
		};
		528F8A4C1FEBCB720045BAAA /* Release */ = {
			isa = XCBuildConfiguration;
			buildSettings = {
				ASSETCATALOG_COMPILER_APPICON_NAME = AppIcon;
				DEVELOPMENT_TEAM = AVDVUQYE5C;
				INFOPLIST_FILE = Poke/Info.plist;
				LD_RUNPATH_SEARCH_PATHS = "$(inherited) @executable_path/Frameworks";
				PRODUCT_BUNDLE_IDENTIFIER = miltan.Poke;
				PRODUCT_NAME = "$(TARGET_NAME)";
				SWIFT_VERSION = 3.0;
			};
			name = Release;
		};
/* End XCBuildConfiguration section */

/* Begin XCConfigurationList section */
		528F8A331FEBCB720045BAAA /* Build configuration list for PBXProject "Poke" */ = {
			isa = XCConfigurationList;
			buildConfigurations = (
				528F8A481FEBCB720045BAAA /* Debug */,
				528F8A491FEBCB720045BAAA /* Release */,
			);
			defaultConfigurationIsVisible = 0;
			defaultConfigurationName = Release;
		};
		528F8A4A1FEBCB720045BAAA /* Build configuration list for PBXNativeTarget "Poke" */ = {
			isa = XCConfigurationList;
			buildConfigurations = (
				528F8A4B1FEBCB720045BAAA /* Debug */,
				528F8A4C1FEBCB720045BAAA /* Release */,
			);
			defaultConfigurationIsVisible = 0;
			defaultConfigurationName = Release;
		};
/* End XCConfigurationList section */
	};
	rootObject = 528F8A301FEBCB720045BAAA /* Project object */;
}
